{
  "dependencies": {
    "lodash": {
      "version": "4.6.1",
      "resolved": "https://registry.npmjs.org/lodash/-/lodash-4.6.1.tgz",
      "from": "lodash@4.6.1"
    },
    "whatwg-fetch": {
      "version": "1.0.0",
      "resolved": "https://registry.npmjs.org/whatwg-fetch/-/whatwg-fetch-1.0.0.tgz",
      "from": "whatwg-fetch@1.0.0"
    }
  }
}
